
Microsoft Visual Studio Solution File, Format Version 12.00
# Visual Studio Version 16
VisualStudioVersion = 16.0.29009.5
MinimumVisualStudioVersion = 10.0.40219.1
Project("{FAE04EC0-301F-11D3-BF4B-00C04F79EFBC}") = "POSBuddy", "MicrosBuddy\POSBuddy.csproj", "{0107B88C-809E-4C56-A54D-9EF5ED421981}"
EndProject
Global
	GlobalSection(SolutionConfigurationPlatforms) = preSolution
		Debug|Any CPU = Debug|Any CPU
		Release|Any CPU = Release|Any CPU
	EndGlobalSection
	GlobalSection(ProjectConfigurationPlatforms) = postSolution
		{0107B88C-809E-4C56-A54D-9EF5ED421981}.Debug|Any CPU.ActiveCfg = Debug|Any CPU
		{0107B88C-809E-4C56-A54D-9EF5ED421981}.Debug|Any CPU.Build.0 = Debug|Any CPU
		{0107B88C-809E-4C56-A54D-9EF5ED421981}.Release|Any CPU.ActiveCfg = Release|Any CPU
		{0107B88C-809E-4C56-A54D-9EF5ED421981}.Release|Any CPU.Build.0 = Release|Any CPU
	EndGlobalSection
	GlobalSection(SolutionProperties) = preSolution
		HideSolutionNode = FALSE
	EndGlobalSection
	GlobalSection(ExtensibilityGlobals) = postSolution
		SolutionGuid = {DCA91997-B3FB-469C-87FA-87BEA8C15159}
	EndGlobalSection
EndGlobal
